
Microsoft Visual Studio Solution File, Format Version 12.00
# Visual Studio 15
VisualStudioVersion = 15.0.27428.2015
MinimumVisualStudioVersion = 10.0.40219.1
Project("{FAE04EC0-301F-11D3-BF4B-00C04F79EFBC}") = "G_Code_To_KRL", "G_Code_To_KRL\G_Code_To_KRL.csproj", "{4B21C910-1C6D-4479-B864-654AE1645E06}"
EndProject
Global
	GlobalSection(SolutionConfigurationPlatforms) = preSolution
		Debug|Any CPU = Debug|Any CPU
		Release|Any CPU = Release|Any CPU
	EndGlobalSection
	GlobalSection(ProjectConfigurationPlatforms) = postSolution
		{4B21C910-1C6D-4479-B864-654AE1645E06}.Debug|Any CPU.ActiveCfg = Debug|Any CPU
		{4B21C910-1C6D-4479-B864-654AE1645E06}.Debug|Any CPU.Build.0 = Debug|Any CPU
		{4B21C910-1C6D-4479-B864-654AE1645E06}.Release|Any CPU.ActiveCfg = Release|Any CPU
		{4B21C910-1C6D-4479-B864-654AE1645E06}.Release|Any CPU.Build.0 = Release|Any CPU
	EndGlobalSection
	GlobalSection(SolutionProperties) = preSolution
		HideSolutionNode = FALSE
	EndGlobalSection
	GlobalSection(ExtensibilityGlobals) = postSolution
		SolutionGuid = {26656668-B3D6-408F-A7B1-FD4D4C6D3213}
	EndGlobalSection
EndGlobal
